
Microsoft Visual Studio Solution File, Format Version 12.00
# Visual Studio Version 17
VisualStudioVersion = 17.9.34723.18
MinimumVisualStudioVersion = 10.0.40219.1
Project("{FAE04EC0-301F-11D3-BF4B-00C04F79EFBC}") = "ConFictTestProject", "ConFictTestProject\ConFictTestProject.csproj", "{831BCB3F-C5C8-4A4C-8821-B1613DB803DA}"
EndProject
Global
	GlobalSection(SolutionConfigurationPlatforms) = preSolution
		Debug|Any CPU = Debug|Any CPU
		Release|Any CPU = Release|Any CPU
	EndGlobalSection
	GlobalSection(ProjectConfigurationPlatforms) = postSolution
		{831BCB3F-C5C8-4A4C-8821-B1613DB803DA}.Debug|Any CPU.ActiveCfg = Debug|Any CPU
		{831BCB3F-C5C8-4A4C-8821-B1613DB803DA}.Debug|Any CPU.Build.0 = Debug|Any CPU
		{831BCB3F-C5C8-4A4C-8821-B1613DB803DA}.Release|Any CPU.ActiveCfg = Release|Any CPU
		{831BCB3F-C5C8-4A4C-8821-B1613DB803DA}.Release|Any CPU.Build.0 = Release|Any CPU
	EndGlobalSection
	GlobalSection(SolutionProperties) = preSolution
		HideSolutionNode = FALSE
	EndGlobalSection
	GlobalSection(ExtensibilityGlobals) = postSolution
		SolutionGuid = {A776F695-A62D-4DD4-B5E7-0DD1ED8EF5D1}
	EndGlobalSection
EndGlobal
